
Microsoft Visual Studio Solution File, Format Version 12.00
# Visual Studio Version 17
VisualStudioVersion = 17.11.35312.102
MinimumVisualStudioVersion = 10.0.40219.1
Project("{FAE04EC0-301F-11D3-BF4B-00C04F79EFBC}") = "SZGD.Server", "SZGD.Server\SZGD.Server.csproj", "{11B91C5E-47E2-4902-AA4D-BB06D3519ECD}"
EndProject
Project("{54A90642-561A-4BB1-A94E-469ADEE60C69}") = "szgd.client", "szgd.client\szgd.client.esproj", "{04C6C359-F902-48CF-A86A-86E728D5E117}"
EndProject
Project("{FAE04EC0-301F-11D3-BF4B-00C04F79EFBC}") = "Tests", "Tests\Tests.csproj", "{972A4E27-471C-44CD-8F94-F21C61BAD784}"
EndProject
Global
	GlobalSection(SolutionConfigurationPlatforms) = preSolution
		Debug|Any CPU = Debug|Any CPU
		Release|Any CPU = Release|Any CPU
	EndGlobalSection
	GlobalSection(ProjectConfigurationPlatforms) = postSolution
		{11B91C5E-47E2-4902-AA4D-BB06D3519ECD}.Debug|Any CPU.ActiveCfg = Debug|Any CPU
		{11B91C5E-47E2-4902-AA4D-BB06D3519ECD}.Debug|Any CPU.Build.0 = Debug|Any CPU
		{11B91C5E-47E2-4902-AA4D-BB06D3519ECD}.Release|Any CPU.ActiveCfg = Release|Any CPU
		{11B91C5E-47E2-4902-AA4D-BB06D3519ECD}.Release|Any CPU.Build.0 = Release|Any CPU
		{04C6C359-F902-48CF-A86A-86E728D5E117}.Debug|Any CPU.ActiveCfg = Debug|Any CPU
		{04C6C359-F902-48CF-A86A-86E728D5E117}.Release|Any CPU.ActiveCfg = Release|Any CPU
		{04C6C359-F902-48CF-A86A-86E728D5E117}.Release|Any CPU.Build.0 = Release|Any CPU
		{04C6C359-F902-48CF-A86A-86E728D5E117}.Release|Any CPU.Deploy.0 = Release|Any CPU
		{972A4E27-471C-44CD-8F94-F21C61BAD784}.Debug|Any CPU.ActiveCfg = Debug|Any CPU
		{972A4E27-471C-44CD-8F94-F21C61BAD784}.Release|Any CPU.ActiveCfg = Release|Any CPU
		{972A4E27-471C-44CD-8F94-F21C61BAD784}.Release|Any CPU.Build.0 = Release|Any CPU
	EndGlobalSection
	GlobalSection(SolutionProperties) = preSolution
		HideSolutionNode = FALSE
	EndGlobalSection
	GlobalSection(ExtensibilityGlobals) = postSolution
		SolutionGuid = {3E225481-5ACA-4A35-B8C8-08563C7BAAE2}
	EndGlobalSection
EndGlobal
